<Solution>
  <Folder Name="/solution items/">
    <File Path=".editorconfig" />
    <File Path=".gitignore" />
    <File Path="CHANGELOG.md" />
    <File Path="CODE_OF_CONDUCT.md" />
    <File Path="CONTRIBUTING.md" />
    <File Path="Directory.Build.props" />
    <File Path="Directory.Packages.props" />
    <File Path="LICENSE" />
    <File Path="README.md" />
    <File Path="SECURITY.md" />
    <File Path="SUPPORT.md" />
    <File Path="global.json" />
  </Folder>
  <Folder Name="/src/">
    <Project Path="src/QueryGuard.Core/QueryGuard.Core.csproj" />
    <Project Path="src/QueryGuard.EntityFrameworkCore/QueryGuard.EntityFrameworkCore.csproj" />
    <Project Path="src/QueryGuard.AspNetCore/QueryGuard.AspNetCore.csproj" />
    <Project Path="src/QueryGuard.AspNetCore.Testing/QueryGuard.AspNetCore.Testing.csproj" />
    <Project Path="src/QueryGuard.Testing/QueryGuard.Testing.csproj" />
    <Project Path="src/QueryGuard.Reporting/QueryGuard.Reporting.csproj" />
    <Project Path="src/QueryGuard.Cli/QueryGuard.Cli.csproj" />
  </Folder>
  <Folder Name="/benchmarks/">
    <Project Path="benchmarks/QueryGuard.Benchmarks/QueryGuard.Benchmarks.csproj" />
  </Folder>
  <Folder Name="/samples/">
    <Project Path="samples/QueryGuard.SampleApi/QueryGuard.SampleApi.csproj" />
    <Project Path="samples/QueryGuard.SampleTests/QueryGuard.SampleTests.csproj" />
  </Folder>
  <Folder Name="/tests/">
    <Project Path="tests/QueryGuard.Core.Tests/QueryGuard.Core.Tests.csproj" />
    <Project Path="tests/QueryGuard.EntityFrameworkCore.Tests/QueryGuard.EntityFrameworkCore.Tests.csproj" />
    <Project Path="tests/QueryGuard.AspNetCore.Tests/QueryGuard.AspNetCore.Tests.csproj" />
    <Project Path="tests/QueryGuard.Testing.Tests/QueryGuard.Testing.Tests.csproj" />
    <Project Path="tests/QueryGuard.Reporting.Tests/QueryGuard.Reporting.Tests.csproj" />
    <Project Path="tests/QueryGuard.ProviderTests/QueryGuard.ProviderTests.csproj" />
    <Project Path="tests/QueryGuard.Cli.Tests/QueryGuard.Cli.Tests.csproj" />
    <Project Path="tests/QueryGuard.AspNetCore.Testing.Tests/QueryGuard.AspNetCore.Testing.Tests.csproj" />
  </Folder>
  <Folder Name="/testapps/">
    <Project Path="testapps/QueryGuard.AspNetCore.Testing.TestApp/QueryGuard.AspNetCore.Testing.TestApp.csproj" />
  </Folder>
</Solution>
